
Microsoft Visual Studio Solution File, Format Version 12.00
# Visual Studio Version 17
VisualStudioVersion = 17.8.34525.116
MinimumVisualStudioVersion = 10.0.40219.1
Project("{FAE04EC0-301F-11D3-BF4B-00C04F79EFBC}") = "ProyectoClinica", "ProyectoClinica\ProyectoClinica.csproj", "{EEF59594-4B3D-4662-BAB4-5B5C40A062F5}"
EndProject
Global
	GlobalSection(SolutionConfigurationPlatforms) = preSolution
		Debug|Any CPU = Debug|Any CPU
		Release|Any CPU = Release|Any CPU
	EndGlobalSection
	GlobalSection(ProjectConfigurationPlatforms) = postSolution
		{EEF59594-4B3D-4662-BAB4-5B5C40A062F5}.Debug|Any CPU.ActiveCfg = Debug|Any CPU
		{EEF59594-4B3D-4662-BAB4-5B5C40A062F5}.Debug|Any CPU.Build.0 = Debug|Any CPU
		{EEF59594-4B3D-4662-BAB4-5B5C40A062F5}.Release|Any CPU.ActiveCfg = Release|Any CPU
		{EEF59594-4B3D-4662-BAB4-5B5C40A062F5}.Release|Any CPU.Build.0 = Release|Any CPU
	EndGlobalSection
	GlobalSection(SolutionProperties) = preSolution
		HideSolutionNode = FALSE
	EndGlobalSection
	GlobalSection(ExtensibilityGlobals) = postSolution
		SolutionGuid = {DE625912-6787-4091-8DF3-F690B7C5CA80}
	EndGlobalSection
EndGlobal
